{
  "object": {
    "pins": [
      {
        "package": "AudioKit",
        "repositoryURL": "https://github.com/AudioKit/AudioKit.git",
        "state": {
          "branch": "v5-develop",
          "revision": "81c30e5d15fc4c99dafe2837599e2ce4aa7d1069",
          "version": null
        }
      },
      {
        "package": "AudioKitUI",
        "repositoryURL": "https://github.com/AudioKit/AudioKitUI.git",
        "state": {
          "branch": "develop",
          "revision": "ba787eb53348b8553c0229550287a4f4dfccd96c",
          "version": null
        }
      },
      {
        "package": "Sliders",
        "repositoryURL": "https://github.com/spacenation/swiftui-sliders.git",
        "state": {
          "branch": null,
          "revision": "5109792d45a53c3c41680b8bdb0602b5dde39c9a",
          "version": "1.0.0"
        }
      }
    ]
  },
  "version": 1
}
